// !$*UTF8*$!
{
	archiveVersion = 1;
	classes = {
	};
	objectVersion = 56;
	objects = {

/* Begin PBXBuildFile section */
		46A6D6A52A2CB15600572121 /* NutritionData.swift in Sources */ = {isa = PBXBuildFile; fileRef = 46A6D6A42A2CB15600572121 /* NutritionData.swift */; };
		46A6D6A82A2CB19900572121 /* OrderedCollections in Frameworks */ = {isa = PBXBuildFile; productRef = 46A6D6A72A2CB19900572121 /* OrderedCollections */; };
		46A6D6AA2A2CB22800572121 /* NutritionView.swift in Sources */ = {isa = PBXBuildFile; fileRef = 46A6D6A92A2CB22800572121 /* NutritionView.swift */; };
		46A6D6AC2A2CBA6B00572121 /* HeaderView.swift in Sources */ = {isa = PBXBuildFile; fileRef = 46A6D6AB2A2CBA6B00572121 /* HeaderView.swift */; };
		46A6D6AE2A2CC6F000572121 /* FactsTabView.swift in Sources */ = {isa = PBXBuildFile; fileRef = 46A6D6AD2A2CC6F000572121 /* FactsTabView.swift */; };
		46A6D6B02A2CC80D00572121 /* FactsData.swift in Sources */ = {isa = PBXBuildFile; fileRef = 46A6D6AF2A2CC80D00572121 /* FactsData.swift */; };
		46A6D6B32A2CCD3E00572121 /* ReceipeModel.swift in Sources */ = {isa = PBXBuildFile; fileRef = 46A6D6B22A2CCD3E00572121 /* ReceipeModel.swift */; };
		46A6D6B52A2CCE6700572121 /* ReceipesData.swift in Sources */ = {isa = PBXBuildFile; fileRef = 46A6D6B42A2CCE6700572121 /* ReceipesData.swift */; };
		46A6D6B72A2CD07700572121 /* ReceipeCardView.swift in Sources */ = {isa = PBXBuildFile; fileRef = 46A6D6B62A2CD07700572121 /* ReceipeCardView.swift */; };
		46A6D6B92A2CD99600572121 /* ReceipeDetailsView.swift in Sources */ = {isa = PBXBuildFile; fileRef = 46A6D6B82A2CD99600572121 /* ReceipeDetailsView.swift */; };
		46A6D6BB2A2CDAAA00572121 /* RatingView.swift in Sources */ = {isa = PBXBuildFile; fileRef = 46A6D6BA2A2CDAAA00572121 /* RatingView.swift */; };
		46A6D6BD2A2CDB3600572121 /* ReceipeInfoView.swift in Sources */ = {isa = PBXBuildFile; fileRef = 46A6D6BC2A2CDB3600572121 /* ReceipeInfoView.swift */; };
		46A6D6BF2A2CE20C00572121 /* InfoView.swift in Sources */ = {isa = PBXBuildFile; fileRef = 46A6D6BE2A2CE20C00572121 /* InfoView.swift */; };
		46A6D6C12A2CE52100572121 /* BlueberryTabView.swift in Sources */ = {isa = PBXBuildFile; fileRef = 46A6D6C02A2CE52100572121 /* BlueberryTabView.swift */; };
		46A6D6C32A2CE5CE00572121 /* AppInfoView.swift in Sources */ = {isa = PBXBuildFile; fileRef = 46A6D6C22A2CE5CE00572121 /* AppInfoView.swift */; };
		46A6D6C52A2CE80000572121 /* InfoModel.swift in Sources */ = {isa = PBXBuildFile; fileRef = 46A6D6C42A2CE80000572121 /* InfoModel.swift */; };
		46A6D6C72A2CE88100572121 /* AppInfoData.swift in Sources */ = {isa = PBXBuildFile; fileRef = 46A6D6C62A2CE88100572121 /* AppInfoData.swift */; };
		46F8DEAF2A2C9579005183CE /* BlueberryLoveApp.swift in Sources */ = {isa = PBXBuildFile; fileRef = 46F8DEAE2A2C9579005183CE /* BlueberryLoveApp.swift */; };
		46F8DEB12A2C9579005183CE /* ContentView.swift in Sources */ = {isa = PBXBuildFile; fileRef = 46F8DEB02A2C9579005183CE /* ContentView.swift */; };
		46F8DEB32A2C957A005183CE /* Assets.xcassets in Resources */ = {isa = PBXBuildFile; fileRef = 46F8DEB22A2C957A005183CE /* Assets.xcassets */; };
		46F8DEB62A2C957A005183CE /* Preview Assets.xcassets in Resources */ = {isa = PBXBuildFile; fileRef = 46F8DEB52A2C957A005183CE /* Preview Assets.xcassets */; };
		46F8DEC22A2C992D005183CE /* EntryView.swift in Sources */ = {isa = PBXBuildFile; fileRef = 46F8DEC12A2C992D005183CE /* EntryView.swift */; };
		46F8DEC42A2C9C61005183CE /* ArchitectsDaughter-Regular.ttf in Resources */ = {isa = PBXBuildFile; fileRef = 46F8DEC32A2C9C61005183CE /* ArchitectsDaughter-Regular.ttf */; };
		46F8DEC72A2C9D5C005183CE /* Constants.swift in Sources */ = {isa = PBXBuildFile; fileRef = 46F8DEC62A2C9D5C005183CE /* Constants.swift */; };
		46F8DEC92A2CA724005183CE /* MainView.swift in Sources */ = {isa = PBXBuildFile; fileRef = 46F8DEC82A2CA724005183CE /* MainView.swift */; };
		46F8DECB2A2CA89C005183CE /* EnterButtonView.swift in Sources */ = {isa = PBXBuildFile; fileRef = 46F8DECA2A2CA89C005183CE /* EnterButtonView.swift */; };
		46F8DECD2A2CAD43005183CE /* TitleView.swift in Sources */ = {isa = PBXBuildFile; fileRef = 46F8DECC2A2CAD43005183CE /* TitleView.swift */; };
/* End PBXBuildFile section */

/* Begin PBXFileReference section */
		46A6D6A42A2CB15600572121 /* NutritionData.swift */ = {isa = PBXFileReference; lastKnownFileType = sourcecode.swift; path = NutritionData.swift; sourceTree = "<group>"; };
		46A6D6A92A2CB22800572121 /* NutritionView.swift */ = {isa = PBXFileReference; lastKnownFileType = sourcecode.swift; path = NutritionView.swift; sourceTree = "<group>"; };
		46A6D6AB2A2CBA6B00572121 /* HeaderView.swift */ = {isa = PBXFileReference; lastKnownFileType = sourcecode.swift; path = HeaderView.swift; sourceTree = "<group>"; };
		46A6D6AD2A2CC6F000572121 /* FactsTabView.swift */ = {isa = PBXFileReference; lastKnownFileType = sourcecode.swift; path = FactsTabView.swift; sourceTree = "<group>"; };
		46A6D6AF2A2CC80D00572121 /* FactsData.swift */ = {isa = PBXFileReference; lastKnownFileType = sourcecode.swift; path = FactsData.swift; sourceTree = "<group>"; };
		46A6D6B22A2CCD3E00572121 /* ReceipeModel.swift */ = {isa = PBXFileReference; lastKnownFileType = sourcecode.swift; path = ReceipeModel.swift; sourceTree = "<group>"; };
		46A6D6B42A2CCE6700572121 /* ReceipesData.swift */ = {isa = PBXFileReference; lastKnownFileType = sourcecode.swift; path = ReceipesData.swift; sourceTree = "<group>"; };
		46A6D6B62A2CD07700572121 /* ReceipeCardView.swift */ = {isa = PBXFileReference; lastKnownFileType = sourcecode.swift; path = ReceipeCardView.swift; sourceTree = "<group>"; };
		46A6D6B82A2CD99600572121 /* ReceipeDetailsView.swift */ = {isa = PBXFileReference; lastKnownFileType = sourcecode.swift; path = ReceipeDetailsView.swift; sourceTree = "<group>"; };
		46A6D6BA2A2CDAAA00572121 /* RatingView.swift */ = {isa = PBXFileReference; lastKnownFileType = sourcecode.swift; path = RatingView.swift; sourceTree = "<group>"; };
		46A6D6BC2A2CDB3600572121 /* ReceipeInfoView.swift */ = {isa = PBXFileReference; lastKnownFileType = sourcecode.swift; path = ReceipeInfoView.swift; sourceTree = "<group>"; };
		46A6D6BE2A2CE20C00572121 /* InfoView.swift */ = {isa = PBXFileReference; lastKnownFileType = sourcecode.swift; path = InfoView.swift; sourceTree = "<group>"; };
		46A6D6C02A2CE52100572121 /* BlueberryTabView.swift */ = {isa = PBXFileReference; lastKnownFileType = sourcecode.swift; path = BlueberryTabView.swift; sourceTree = "<group>"; };
		46A6D6C22A2CE5CE00572121 /* AppInfoView.swift */ = {isa = PBXFileReference; lastKnownFileType = sourcecode.swift; path = AppInfoView.swift; sourceTree = "<group>"; };
		46A6D6C42A2CE80000572121 /* InfoModel.swift */ = {isa = PBXFileReference; lastKnownFileType = sourcecode.swift; path = InfoModel.swift; sourceTree = "<group>"; };
		46A6D6C62A2CE88100572121 /* AppInfoData.swift */ = {isa = PBXFileReference; lastKnownFileType = sourcecode.swift; path = AppInfoData.swift; sourceTree = "<group>"; };
		46F8DEAB2A2C9579005183CE /* BlueberryLove.app */ = {isa = PBXFileReference; explicitFileType = wrapper.application; includeInIndex = 0; path = BlueberryLove.app; sourceTree = BUILT_PRODUCTS_DIR; };
		46F8DEAE2A2C9579005183CE /* BlueberryLoveApp.swift */ = {isa = PBXFileReference; lastKnownFileType = sourcecode.swift; path = BlueberryLoveApp.swift; sourceTree = "<group>"; };
		46F8DEB02A2C9579005183CE /* ContentView.swift */ = {isa = PBXFileReference; lastKnownFileType = sourcecode.swift; path = ContentView.swift; sourceTree = "<group>"; };
		46F8DEB22A2C957A005183CE /* Assets.xcassets */ = {isa = PBXFileReference; lastKnownFileType = folder.assetcatalog; path = Assets.xcassets; sourceTree = "<group>"; };
		46F8DEB52A2C957A005183CE /* Preview Assets.xcassets */ = {isa = PBXFileReference; lastKnownFileType = folder.assetcatalog; path = "Preview Assets.xcassets"; sourceTree = "<group>"; };
		46F8DEBF2A2C9767005183CE /* Info.plist */ = {isa = PBXFileReference; lastKnownFileType = text.plist; path = Info.plist; sourceTree = "<group>"; };
		46F8DEC12A2C992D005183CE /* EntryView.swift */ = {isa = PBXFileReference; lastKnownFileType = sourcecode.swift; path = EntryView.swift; sourceTree = "<group>"; };
		46F8DEC32A2C9C61005183CE /* ArchitectsDaughter-Regular.ttf */ = {isa = PBXFileReference; lastKnownFileType = file; name = "ArchitectsDaughter-Regular.ttf"; path = "Architects_Daughter/ArchitectsDaughter-Regular.ttf"; sourceTree = SOURCE_ROOT; };
		46F8DEC62A2C9D5C005183CE /* Constants.swift */ = {isa = PBXFileReference; lastKnownFileType = sourcecode.swift; path = Constants.swift; sourceTree = "<group>"; };
		46F8DEC82A2CA724005183CE /* MainView.swift */ = {isa = PBXFileReference; lastKnownFileType = sourcecode.swift; path = MainView.swift; sourceTree = "<group>"; };
		46F8DECA2A2CA89C005183CE /* EnterButtonView.swift */ = {isa = PBXFileReference; lastKnownFileType = sourcecode.swift; path = EnterButtonView.swift; sourceTree = "<group>"; };
		46F8DECC2A2CAD43005183CE /* TitleView.swift */ = {isa = PBXFileReference; lastKnownFileType = sourcecode.swift; path = TitleView.swift; sourceTree = "<group>"; };
/* End PBXFileReference section */

/* Begin PBXFrameworksBuildPhase section */
		46F8DEA82A2C9579005183CE /* Frameworks */ = {
			isa = PBXFrameworksBuildPhase;
			buildActionMask = 2147483647;
			files = (
				46A6D6A82A2CB19900572121 /* OrderedCollections in Frameworks */,
			);
			runOnlyForDeploymentPostprocessing = 0;
		};
/* End PBXFrameworksBuildPhase section */

/* Begin PBXGroup section */
		46A6D6A32A2CB14200572121 /* Data */ = {
			isa = PBXGroup;
			children = (
				46A6D6A42A2CB15600572121 /* NutritionData.swift */,
				46A6D6AF2A2CC80D00572121 /* FactsData.swift */,
				46A6D6B42A2CCE6700572121 /* ReceipesData.swift */,
				46A6D6C62A2CE88100572121 /* AppInfoData.swift */,
			);
			path = Data;
			sourceTree = "<group>";
		};
		46A6D6B12A2CCCF800572121 /* Models */ = {
			isa = PBXGroup;
			children = (
				46A6D6B22A2CCD3E00572121 /* ReceipeModel.swift */,
				46A6D6C42A2CE80000572121 /* InfoModel.swift */,
			);
			path = Models;
			sourceTree = "<group>";
		};
		46F8DEA22A2C9579005183CE = {
			isa = PBXGroup;
			children = (
				46F8DEAD2A2C9579005183CE /* BlueberryLove */,
				46F8DEAC2A2C9579005183CE /* Products */,
			);
			sourceTree = "<group>";
		};
		46F8DEAC2A2C9579005183CE /* Products */ = {
			isa = PBXGroup;
			children = (
				46F8DEAB2A2C9579005183CE /* BlueberryLove.app */,
			);
			name = Products;
			sourceTree = "<group>";
		};
		46F8DEAD2A2C9579005183CE /* BlueberryLove */ = {
			isa = PBXGroup;
			children = (
				46A6D6B12A2CCCF800572121 /* Models */,
				46A6D6A32A2CB14200572121 /* Data */,
				46F8DEAE2A2C9579005183CE /* BlueberryLoveApp.swift */,
				46F8DEC52A2C9D47005183CE /* Utilities */,
				46F8DEC02A2C9903005183CE /* Views */,
				46F8DEBF2A2C9767005183CE /* Info.plist */,
				46F8DEBE2A2C9742005183CE /* Fonts */,
				46F8DEB22A2C957A005183CE /* Assets.xcassets */,
				46F8DEB42A2C957A005183CE /* Preview Content */,
			);
			path = BlueberryLove;
			sourceTree = "<group>";
		};
		46F8DEB42A2C957A005183CE /* Preview Content */ = {
			isa = PBXGroup;
			children = (
				46F8DEB52A2C957A005183CE /* Preview Assets.xcassets */,
			);
			path = "Preview Content";
			sourceTree = "<group>";
		};
		46F8DEBE2A2C9742005183CE /* Fonts */ = {
			isa = PBXGroup;
			children = (
				46F8DEC32A2C9C61005183CE /* ArchitectsDaughter-Regular.ttf */,
			);
			path = Fonts;
			sourceTree = "<group>";
		};
		46F8DEC02A2C9903005183CE /* Views */ = {
			isa = PBXGroup;
			children = (
				46F8DEB02A2C9579005183CE /* ContentView.swift */,
				46F8DEC12A2C992D005183CE /* EntryView.swift */,
				46F8DECA2A2CA89C005183CE /* EnterButtonView.swift */,
				46F8DEC82A2CA724005183CE /* MainView.swift */,
				46F8DECC2A2CAD43005183CE /* TitleView.swift */,
				46A6D6A92A2CB22800572121 /* NutritionView.swift */,
				46A6D6AB2A2CBA6B00572121 /* HeaderView.swift */,
				46A6D6AD2A2CC6F000572121 /* FactsTabView.swift */,
				46A6D6B62A2CD07700572121 /* ReceipeCardView.swift */,
				46A6D6B82A2CD99600572121 /* ReceipeDetailsView.swift */,
				46A6D6BA2A2CDAAA00572121 /* RatingView.swift */,
				46A6D6BC2A2CDB3600572121 /* ReceipeInfoView.swift */,
				46A6D6BE2A2CE20C00572121 /* InfoView.swift */,
				46A6D6C02A2CE52100572121 /* BlueberryTabView.swift */,
				46A6D6C22A2CE5CE00572121 /* AppInfoView.swift */,
			);
			path = Views;
			sourceTree = "<group>";
		};
		46F8DEC52A2C9D47005183CE /* Utilities */ = {
			isa = PBXGroup;
			children = (
				46F8DEC62A2C9D5C005183CE /* Constants.swift */,
			);
			path = Utilities;
			sourceTree = "<group>";
		};
/* End PBXGroup section */

/* Begin PBXNativeTarget section */
		46F8DEAA2A2C9579005183CE /* BlueberryLove */ = {
			isa = PBXNativeTarget;
			buildConfigurationList = 46F8DEB92A2C957A005183CE /* Build configuration list for PBXNativeTarget "BlueberryLove" */;
			buildPhases = (
				46F8DEA72A2C9579005183CE /* Sources */,
				46F8DEA82A2C9579005183CE /* Frameworks */,
				46F8DEA92A2C9579005183CE /* Resources */,
			);
			buildRules = (
			);
			dependencies = (
			);
			name = BlueberryLove;
			packageProductDependencies = (
				46A6D6A72A2CB19900572121 /* OrderedCollections */,
			);
			productName = BlueberryLove;
			productReference = 46F8DEAB2A2C9579005183CE /* BlueberryLove.app */;
			productType = "com.apple.product-type.application";
		};
/* End PBXNativeTarget section */

/* Begin PBXProject section */
		46F8DEA32A2C9579005183CE /* Project object */ = {
			isa = PBXProject;
			attributes = {
				BuildIndependentTargetsInParallel = 1;
				LastSwiftUpdateCheck = 1430;
				LastUpgradeCheck = 1430;
				TargetAttributes = {
					46F8DEAA2A2C9579005183CE = {
						CreatedOnToolsVersion = 14.3;
					};
				};
			};
			buildConfigurationList = 46F8DEA62A2C9579005183CE /* Build configuration list for PBXProject "BlueberryLove" */;
			compatibilityVersion = "Xcode 14.0";
			developmentRegion = en;
			hasScannedForEncodings = 0;
			knownRegions = (
				en,
				Base,
			);
			mainGroup = 46F8DEA22A2C9579005183CE;
			packageReferences = (
				46A6D6A62A2CB19900572121 /* XCRemoteSwiftPackageReference "swift-collections" */,
			);
			productRefGroup = 46F8DEAC2A2C9579005183CE /* Products */;
			projectDirPath = "";
			projectRoot = "";
			targets = (
				46F8DEAA2A2C9579005183CE /* BlueberryLove */,
			);
		};
/* End PBXProject section */

/* Begin PBXResourcesBuildPhase section */
		46F8DEA92A2C9579005183CE /* Resources */ = {
			isa = PBXResourcesBuildPhase;
			buildActionMask = 2147483647;
			files = (
				46F8DEB62A2C957A005183CE /* Preview Assets.xcassets in Resources */,
				46F8DEB32A2C957A005183CE /* Assets.xcassets in Resources */,
				46F8DEC42A2C9C61005183CE /* ArchitectsDaughter-Regular.ttf in Resources */,
			);
			runOnlyForDeploymentPostprocessing = 0;
		};
/* End PBXResourcesBuildPhase section */

/* Begin PBXSourcesBuildPhase section */
		46F8DEA72A2C9579005183CE /* Sources */ = {
			isa = PBXSourcesBuildPhase;
			buildActionMask = 2147483647;
			files = (
				46F8DEB12A2C9579005183CE /* ContentView.swift in Sources */,
				46A6D6C52A2CE80000572121 /* InfoModel.swift in Sources */,
				46A6D6B92A2CD99600572121 /* ReceipeDetailsView.swift in Sources */,
				46A6D6AE2A2CC6F000572121 /* FactsTabView.swift in Sources */,
				46F8DECB2A2CA89C005183CE /* EnterButtonView.swift in Sources */,
				46F8DEAF2A2C9579005183CE /* BlueberryLoveApp.swift in Sources */,
				46F8DECD2A2CAD43005183CE /* TitleView.swift in Sources */,
				46A6D6BF2A2CE20C00572121 /* InfoView.swift in Sources */,
				46A6D6A52A2CB15600572121 /* NutritionData.swift in Sources */,
				46A6D6AC2A2CBA6B00572121 /* HeaderView.swift in Sources */,
				46A6D6C32A2CE5CE00572121 /* AppInfoView.swift in Sources */,
				46F8DEC22A2C992D005183CE /* EntryView.swift in Sources */,
				46A6D6B72A2CD07700572121 /* ReceipeCardView.swift in Sources */,
				46A6D6AA2A2CB22800572121 /* NutritionView.swift in Sources */,
				46A6D6BB2A2CDAAA00572121 /* RatingView.swift in Sources */,
				46A6D6BD2A2CDB3600572121 /* ReceipeInfoView.swift in Sources */,
				46A6D6B02A2CC80D00572121 /* FactsData.swift in Sources */,
				46A6D6C12A2CE52100572121 /* BlueberryTabView.swift in Sources */,
				46F8DEC92A2CA724005183CE /* MainView.swift in Sources */,
				46A6D6C72A2CE88100572121 /* AppInfoData.swift in Sources */,
				46A6D6B52A2CCE6700572121 /* ReceipesData.swift in Sources */,
				46A6D6B32A2CCD3E00572121 /* ReceipeModel.swift in Sources */,
				46F8DEC72A2C9D5C005183CE /* Constants.swift in Sources */,
			);
			runOnlyForDeploymentPostprocessing = 0;
		};
/* End PBXSourcesBuildPhase section */

/* Begin XCBuildConfiguration section */
		46F8DEB72A2C957A005183CE /* Debug */ = {
			isa = XCBuildConfiguration;
			buildSettings = {
				ALWAYS_SEARCH_USER_PATHS = NO;
				CLANG_ANALYZER_NONNULL = YES;
				CLANG_ANALYZER_NUMBER_OBJECT_CONVERSION = YES_AGGRESSIVE;
				CLANG_CXX_LANGUAGE_STANDARD = "gnu++20";
				CLANG_ENABLE_MODULES = YES;
				CLANG_ENABLE_OBJC_ARC = YES;
				CLANG_ENABLE_OBJC_WEAK = YES;
				CLANG_WARN_BLOCK_CAPTURE_AUTORELEASING = YES;
				CLANG_WARN_BOOL_CONVERSION = YES;
				CLANG_WARN_COMMA = YES;
				CLANG_WARN_CONSTANT_CONVERSION = YES;
				CLANG_WARN_DEPRECATED_OBJC_IMPLEMENTATIONS = YES;
				CLANG_WARN_DIRECT_OBJC_ISA_USAGE = YES_ERROR;
				CLANG_WARN_DOCUMENTATION_COMMENTS = YES;
				CLANG_WARN_EMPTY_BODY = YES;
				CLANG_WARN_ENUM_CONVERSION = YES;
				CLANG_WARN_INFINITE_RECURSION = YES;
				CLANG_WARN_INT_CONVERSION = YES;
				CLANG_WARN_NON_LITERAL_NULL_CONVERSION = YES;
				CLANG_WARN_OBJC_IMPLICIT_RETAIN_SELF = YES;
				CLANG_WARN_OBJC_LITERAL_CONVERSION = YES;
				CLANG_WARN_OBJC_ROOT_CLASS = YES_ERROR;
				CLANG_WARN_QUOTED_INCLUDE_IN_FRAMEWORK_HEADER = YES;
				CLANG_WARN_RANGE_LOOP_ANALYSIS = YES;
				CLANG_WARN_STRICT_PROTOTYPES = YES;
				CLANG_WARN_SUSPICIOUS_MOVE = YES;
				CLANG_WARN_UNGUARDED_AVAILABILITY = YES_AGGRESSIVE;
				CLANG_WARN_UNREACHABLE_CODE = YES;
				CLANG_WARN__DUPLICATE_METHOD_MATCH = YES;
				COPY_PHASE_STRIP = NO;
				DEBUG_INFORMATION_FORMAT = dwarf;
				ENABLE_STRICT_OBJC_MSGSEND = YES;
				ENABLE_TESTABILITY = YES;
				GCC_C_LANGUAGE_STANDARD = gnu11;
				GCC_DYNAMIC_NO_PIC = NO;
				GCC_NO_COMMON_BLOCKS = YES;
				GCC_OPTIMIZATION_LEVEL = 0;
				GCC_PREPROCESSOR_DEFINITIONS = (
					"DEBUG=1",
					"$(inherited)",
				);
				GCC_WARN_64_TO_32_BIT_CONVERSION = YES;
				GCC_WARN_ABOUT_RETURN_TYPE = YES_ERROR;
				GCC_WARN_UNDECLARED_SELECTOR = YES;
				GCC_WARN_UNINITIALIZED_AUTOS = YES_AGGRESSIVE;
				GCC_WARN_UNUSED_FUNCTION = YES;
				GCC_WARN_UNUSED_VARIABLE = YES;
				IPHONEOS_DEPLOYMENT_TARGET = 16.4;
				MTL_ENABLE_DEBUG_INFO = INCLUDE_SOURCE;
				MTL_FAST_MATH = YES;
				ONLY_ACTIVE_ARCH = YES;
				SDKROOT = iphoneos;
				SWIFT_ACTIVE_COMPILATION_CONDITIONS = DEBUG;
				SWIFT_OPTIMIZATION_LEVEL = "-Onone";
			};
			name = Debug;
		};
		46F8DEB82A2C957A005183CE /* Release */ = {
			isa = XCBuildConfiguration;
			buildSettings = {
				ALWAYS_SEARCH_USER_PATHS = NO;
				CLANG_ANALYZER_NONNULL = YES;
				CLANG_ANALYZER_NUMBER_OBJECT_CONVERSION = YES_AGGRESSIVE;
				CLANG_CXX_LANGUAGE_STANDARD = "gnu++20";
				CLANG_ENABLE_MODULES = YES;
				CLANG_ENABLE_OBJC_ARC = YES;
				CLANG_ENABLE_OBJC_WEAK = YES;
				CLANG_WARN_BLOCK_CAPTURE_AUTORELEASING = YES;
				CLANG_WARN_BOOL_CONVERSION = YES;
				CLANG_WARN_COMMA = YES;
				CLANG_WARN_CONSTANT_CONVERSION = YES;
				CLANG_WARN_DEPRECATED_OBJC_IMPLEMENTATIONS = YES;
				CLANG_WARN_DIRECT_OBJC_ISA_USAGE = YES_ERROR;
				CLANG_WARN_DOCUMENTATION_COMMENTS = YES;
				CLANG_WARN_EMPTY_BODY = YES;
				CLANG_WARN_ENUM_CONVERSION = YES;
				CLANG_WARN_INFINITE_RECURSION = YES;
				CLANG_WARN_INT_CONVERSION = YES;
				CLANG_WARN_NON_LITERAL_NULL_CONVERSION = YES;
				CLANG_WARN_OBJC_IMPLICIT_RETAIN_SELF = YES;
				CLANG_WARN_OBJC_LITERAL_CONVERSION = YES;
				CLANG_WARN_OBJC_ROOT_CLASS = YES_ERROR;
				CLANG_WARN_QUOTED_INCLUDE_IN_FRAMEWORK_HEADER = YES;
				CLANG_WARN_RANGE_LOOP_ANALYSIS = YES;
				CLANG_WARN_STRICT_PROTOTYPES = YES;
				CLANG_WARN_SUSPICIOUS_MOVE = YES;
				CLANG_WARN_UNGUARDED_AVAILABILITY = YES_AGGRESSIVE;
				CLANG_WARN_UNREACHABLE_CODE = YES;
				CLANG_WARN__DUPLICATE_METHOD_MATCH = YES;
				COPY_PHASE_STRIP = NO;
				DEBUG_INFORMATION_FORMAT = "dwarf-with-dsym";
				ENABLE_NS_ASSERTIONS = NO;
				ENABLE_STRICT_OBJC_MSGSEND = YES;
				GCC_C_LANGUAGE_STANDARD = gnu11;
				GCC_NO_COMMON_BLOCKS = YES;
				GCC_WARN_64_TO_32_BIT_CONVERSION = YES;
				GCC_WARN_ABOUT_RETURN_TYPE = YES_ERROR;
				GCC_WARN_UNDECLARED_SELECTOR = YES;
				GCC_WARN_UNINITIALIZED_AUTOS = YES_AGGRESSIVE;
				GCC_WARN_UNUSED_FUNCTION = YES;
				GCC_WARN_UNUSED_VARIABLE = YES;
				IPHONEOS_DEPLOYMENT_TARGET = 16.4;
				MTL_ENABLE_DEBUG_INFO = NO;
				MTL_FAST_MATH = YES;
				SDKROOT = iphoneos;
				SWIFT_COMPILATION_MODE = wholemodule;
				SWIFT_OPTIMIZATION_LEVEL = "-O";
				VALIDATE_PRODUCT = YES;
			};
			name = Release;
		};
		46F8DEBA2A2C957A005183CE /* Debug */ = {
			isa = XCBuildConfiguration;
			buildSettings = {
				ASSETCATALOG_COMPILER_APPICON_NAME = AppIcon;
				ASSETCATALOG_COMPILER_GLOBAL_ACCENT_COLOR_NAME = AccentColor;
				CODE_SIGN_STYLE = Automatic;
				CURRENT_PROJECT_VERSION = 1;
				DEVELOPMENT_ASSET_PATHS = "\"BlueberryLove/Preview Content\"";
				DEVELOPMENT_TEAM = 22NX7WBF6A;
				ENABLE_PREVIEWS = YES;
				GENERATE_INFOPLIST_FILE = YES;
				INFOPLIST_FILE = BlueberryLove/Info.plist;
				INFOPLIST_KEY_UIApplicationSceneManifest_Generation = YES;
				INFOPLIST_KEY_UIApplicationSupportsIndirectInputEvents = YES;
				INFOPLIST_KEY_UILaunchScreen_Generation = YES;
				INFOPLIST_KEY_UISupportedInterfaceOrientations_iPad = "UIInterfaceOrientationPortrait UIInterfaceOrientationPortraitUpsideDown UIInterfaceOrientationLandscapeLeft UIInterfaceOrientationLandscapeRight";
				INFOPLIST_KEY_UISupportedInterfaceOrientations_iPhone = "UIInterfaceOrientationPortrait UIInterfaceOrientationLandscapeLeft UIInterfaceOrientationLandscapeRight";
				LD_RUNPATH_SEARCH_PATHS = (
					"$(inherited)",
					"@executable_path/Frameworks",
				);
				MARKETING_VERSION = 1.0;
				PRODUCT_BUNDLE_IDENTIFIER = patka.BlueberryLove;
				PRODUCT_NAME = "$(TARGET_NAME)";
				SWIFT_EMIT_LOC_STRINGS = YES;
				SWIFT_VERSION = 5.0;
				TARGETED_DEVICE_FAMILY = "1,2";
			};
			name = Debug;
		};
		46F8DEBB2A2C957A005183CE /* Release */ = {
			isa = XCBuildConfiguration;
			buildSettings = {
				ASSETCATALOG_COMPILER_APPICON_NAME = AppIcon;
				ASSETCATALOG_COMPILER_GLOBAL_ACCENT_COLOR_NAME = AccentColor;
				CODE_SIGN_STYLE = Automatic;
				CURRENT_PROJECT_VERSION = 1;
				DEVELOPMENT_ASSET_PATHS = "\"BlueberryLove/Preview Content\"";
				DEVELOPMENT_TEAM = 22NX7WBF6A;
				ENABLE_PREVIEWS = YES;
				GENERATE_INFOPLIST_FILE = YES;
				INFOPLIST_FILE = BlueberryLove/Info.plist;
				INFOPLIST_KEY_UIApplicationSceneManifest_Generation = YES;
				INFOPLIST_KEY_UIApplicationSupportsIndirectInputEvents = YES;
				INFOPLIST_KEY_UILaunchScreen_Generation = YES;
				INFOPLIST_KEY_UISupportedInterfaceOrientations_iPad = "UIInterfaceOrientationPortrait UIInterfaceOrientationPortraitUpsideDown UIInterfaceOrientationLandscapeLeft UIInterfaceOrientationLandscapeRight";
				INFOPLIST_KEY_UISupportedInterfaceOrientations_iPhone = "UIInterfaceOrientationPortrait UIInterfaceOrientationLandscapeLeft UIInterfaceOrientationLandscapeRight";
				LD_RUNPATH_SEARCH_PATHS = (
					"$(inherited)",
					"@executable_path/Frameworks",
				);
				MARKETING_VERSION = 1.0;
				PRODUCT_BUNDLE_IDENTIFIER = patka.BlueberryLove;
				PRODUCT_NAME = "$(TARGET_NAME)";
				SWIFT_EMIT_LOC_STRINGS = YES;
				SWIFT_VERSION = 5.0;
				TARGETED_DEVICE_FAMILY = "1,2";
			};
			name = Release;
		};
/* End XCBuildConfiguration section */

/* Begin XCConfigurationList section */
		46F8DEA62A2C9579005183CE /* Build configuration list for PBXProject "BlueberryLove" */ = {
			isa = XCConfigurationList;
			buildConfigurations = (
				46F8DEB72A2C957A005183CE /* Debug */,
				46F8DEB82A2C957A005183CE /* Release */,
			);
			defaultConfigurationIsVisible = 0;
			defaultConfigurationName = Release;
		};
		46F8DEB92A2C957A005183CE /* Build configuration list for PBXNativeTarget "BlueberryLove" */ = {
			isa = XCConfigurationList;
			buildConfigurations = (
				46F8DEBA2A2C957A005183CE /* Debug */,
				46F8DEBB2A2C957A005183CE /* Release */,
			);
			defaultConfigurationIsVisible = 0;
			defaultConfigurationName = Release;
		};
/* End XCConfigurationList section */

/* Begin XCRemoteSwiftPackageReference section */
		46A6D6A62A2CB19900572121 /* XCRemoteSwiftPackageReference "swift-collections" */ = {
			isa = XCRemoteSwiftPackageReference;
			repositoryURL = "https://github.com/apple/swift-collections.git";
			requirement = {
				kind = upToNextMajorVersion;
				minimumVersion = 1.0.0;
			};
		};
/* End XCRemoteSwiftPackageReference section */

/* Begin XCSwiftPackageProductDependency section */
		46A6D6A72A2CB19900572121 /* OrderedCollections */ = {
			isa = XCSwiftPackageProductDependency;
			package = 46A6D6A62A2CB19900572121 /* XCRemoteSwiftPackageReference "swift-collections" */;
			productName = OrderedCollections;
		};
/* End XCSwiftPackageProductDependency section */
	};
	rootObject = 46F8DEA32A2C9579005183CE /* Project object */;
}
